<?xml version="1.0" encoding="utf-8"?>
<Project ToolsVersion="4.0" xmlns="http://schemas.microsoft.com/developer/msbuild/2003">
  <ItemGroup>
    <Filter Include="Assets">
      <UniqueIdentifier>{aa2dff80-cc46-4aaa-9c9e-7784c2a0cdf0}</UniqueIdentifier>
    </Filter>
    <Filter Include="Assets\modelData">
      <UniqueIdentifier>{a27dfd5d-af93-4623-b084-aad00b7739c4}</UniqueIdentifier>
    </Filter>
    <Filter Include="character">
      <UniqueIdentifier>{c57b7107-f9f3-4b72-8f3e-8644593ed533}</UniqueIdentifier>
    </Filter>
    <Filter Include="graphics">
      <UniqueIdentifier>{b7a9a0ab-a792-43fe-a5a7-760b8c976aca}</UniqueIdentifier>
    </Filter>
    <Filter Include="graphics\animation">
      <UniqueIdentifier>{d83ac002-5cd8-4ff4-977a-e7b5ebce5263}</UniqueIdentifier>
    </Filter>
    <Filter Include="level">
      <UniqueIdentifier>{73eacaf4-a5db-4539-ab55-83b9c5d4807c}</UniqueIdentifier>
    </Filter>
    <Filter Include="HID">
      <UniqueIdentifier>{bbdeed04-d9d3-4ff9-bb44-9d888be6899a}</UniqueIdentifier>
    </Filter>
    <Filter Include="math">
      <UniqueIdentifier>{39e7f303-3dac-4bde-bedf-33a5497f262e}</UniqueIdentifier>
    </Filter>
    <Filter Include="physics">
      <UniqueIdentifier>{1eed4cab-11aa-4e90-960a-a01360c5a392}</UniqueIdentifier>
    </Filter>
    <Filter Include="system">
      <UniqueIdentifier>{48b58c60-bbe2-40d8-9d2f-e81d065b6820}</UniqueIdentifier>
    </Filter>
    <Filter Include="Player">
      <UniqueIdentifier>{5fcc62fa-f19f-4bb9-ad30-cf717aeddd0a}</UniqueIdentifier>
    </Filter>
  </ItemGroup>
  <ItemGroup>
    <ClCompile Include="main.cpp" />
    <ClCompile Include="Player2.cpp" />
    <ClCompile Include="pch.cpp" />
    <ClCompile Include="Game.cpp" />
    <ClCompile Include="GameCamera.cpp" />
    <ClCompile Include="Player\Player.cpp">
      <Filter>Player</Filter>
    </ClCompile>
    <ClCompile Include="Player\State\IPlayerState.cpp" />
    <ClCompile Include="Player\State\PlayerStateIdle.cpp" />
    <ClCompile Include="Player\State\PlayerStateBackStep.cpp" />
    <ClCompile Include="Player\State\PlayerStateRun.cpp" />
    <ClCompile Include="Player\State\PlayerStateAttack.cpp" />
    <ClCompile Include="Player\State\PlayerStateRollingAttack.cpp" />
    <ClCompile Include="Player\PlayerAttack.cpp" />
    <ClCompile Include="Enemy\Enemy.cpp" />
    <ClCompile Include="Enemy\State\IEnemyState.cpp" />
    <ClCompile Include="Enemy\EnemyAttack.cpp" />
    <ClCompile Include="Enemy\State\EnemyAttackState.cpp" />
    <ClCompile Include="Enemy\State\EnemyIdleState.cpp" />
    <ClCompile Include="Enemy\State\EnemyWalkState.cpp" />
    <ClCompile Include="Enemy\State\EnemyDamageState.cpp" />
    <ClCompile Include="Player\State\PlayerStateDamage.cpp" />
    <ClCompile Include="Title.cpp" />
    <ClCompile Include="Fade.cpp" />
    <ClCompile Include="Stage\Stage.cpp" />
    <ClCompile Include="Stage\Floor.cpp" />
    <ClCompile Include="Stage\Wall.cpp" />
    <ClCompile Include="Stage\PhysicsStageObject.cpp" />
    <ClCompile Include="Enemy\State\EnemyDown.cpp" />
    <ClCompile Include="Stage\ReturnLocation.cpp" />
    <ClCompile Include="Stage\SceneChangeLocation.cpp" />
    <ClCompile Include="Enemy\EnemySpawner.cpp" />
    <ClCompile Include="Player\PlayerSpowner.cpp" />
    <ClCompile Include="Archer\Archer.cpp" />
    <ClCompile Include="Archer\State\IArcherState.cpp" />
    <ClCompile Include="Archer\State\ArcherIdleState.cpp" />
    <ClCompile Include="Archer\State\ArcherAttackState.cpp" />
    <ClCompile Include="Archer\Arrow.cpp" />
    <ClCompile Include="Archer\ArcherAttack.cpp" />
    <ClCompile Include="Archer\ArcherSpowner.cpp" />
    <ClCompile Include="Boss\BossSpawn.cpp" />
    <ClCompile Include="Boss\Boss.cpp" />
    <ClCompile Include="Boss\State\IBossState.cpp" />
  </ItemGroup>
  <ItemGroup>
    <ClInclude Include="Player2.h" />
    <ClInclude Include="pch.h" />
    <ClInclude Include="Game.h" />
    <ClInclude Include="GameCamera.h" />
    <ClInclude Include="Player\Player.h">
      <Filter>Player</Filter>
    </ClInclude>
    <ClInclude Include="Player\State\IPlayerState.h" />
    <ClInclude Include="Player\State\PlayerStateIdle.h" />
    <ClInclude Include="Player\State\PlayerStateBackStep.h" />
    <ClInclude Include="Player\State\PlayerStateRun.h" />
    <ClInclude Include="Player\State\PlayerStateRollingAttack.h" />
    <ClInclude Include="Player\State\PlayerStateAttack.h" />
    <ClInclude Include="Player\PlayerAttack.h" />
    <ClInclude Include="Enemy\Enemy.h" />
    <ClInclude Include="Enemy\State\IEnemyState.h" />
    <ClInclude Include="Enemy\EnemyAttack.h" />
    <ClInclude Include="Enemy\State\EnemyAttackState.h" />
    <ClInclude Include="Enemy\State\EnemyIdleState.h" />
    <ClInclude Include="Enemy\State\EnemyWalkState.h" />
    <ClInclude Include="Enemy\State\EnemyDamageState.h" />
    <ClInclude Include="Player\State\PlayerStateDamage.h" />
    <ClInclude Include="Title.h" />
    <ClInclude Include="Fade.h" />
    <ClInclude Include="Stage\Stage.h" />
    <ClInclude Include="Stage\Floor.h" />
    <ClInclude Include="Stage\Wall.h" />
    <ClInclude Include="Stage\PhysicsStageObject.h" />
    <ClInclude Include="Enemy\State\EnemyDown.h" />
    <ClInclude Include="Stage\ReturnLocation.h" />
    <ClInclude Include="Stage\SceneChangeLocation.h" />
    <ClInclude Include="Enemy\EnemySpawner.h" />
    <ClInclude Include="Player\PlayerSpowner.h" />
    <ClInclude Include="Archer\Archer.h" />
    <ClInclude Include="Archer\State\IArcherState.h" />
    <ClInclude Include="Archer\State\ArcherIdleState.h" />
    <ClInclude Include="Archer\State\ArcherAttackState.h" />
    <ClInclude Include="Archer\Arrow.h" />
    <ClInclude Include="Archer\ArcherAttack.h" />
    <ClInclude Include="Archer\ArcherSpowner.h" />
    <ClInclude Include="Boss\Boss.h" />
    <ClInclude Include="Boss\BossSpawn.h" />
    <ClInclude Include="Boss\State\IBossState.h" />
  </ItemGroup>
  <ItemGroup>
    <MeshContentTask Include="Assets\modelData\Skeleton\Skeleton.fbx" />
    <MeshContentTask Include="Assets\modelData\candle.FBX" />
    <MeshContentTask Include="Assets\modelData\Chair.FBX" />
    <MeshContentTask Include="Assets\modelData\Door.FBX" />
    <MeshContentTask Include="Assets\modelData\DebugShere.fbx" />
    <MeshContentTask Include="Assets\modelData\Floor.FBX" />
    <MeshContentTask Include="Assets\modelData\keleton.fbx" />
    <MeshContentTask Include="Assets\modelData\Load.fbx" />
    <MeshContentTask Include="Assets\modelData\Player.FBX" />
    <MeshContentTask Include="Assets\modelData\PlayerArmor.fbx" />
    <MeshContentTask Include="Assets\modelData\Stage2.fbx" />
    <MeshContentTask Include="Assets\modelData\Stage2Ceiling.fbx" />
    <MeshContentTask Include="Assets\modelData\Stage2Floor.fbx" />
    <MeshContentTask Include="Assets\modelData\Stage2Gate.fbx" />
    <MeshContentTask Include="Assets\modelData\Stage2Wall.fbx" />
    <MeshContentTask Include="Assets\modelData\Table.FBX" />
    <MeshContentTask Include="Assets\modelData\Stege1.fbx" />
    <MeshContentTask Include="Assets\modelData\wall.FBX" />
    <MeshContentTask Include="Assets\modelData\Bridge.fbx" />
    <MeshContentTask Include="Assets\modelData\ReturnRoad.fbx" />
    <MeshContentTask Include="Assets\modelData\Archer.FBX" />
    <MeshContentTask Include="Assets\modelData\Arrow.fbx" />
    <MeshContentTask Include="Assets\modelData\StageBoss.fbx" />
    <MeshContentTask Include="Assets\modelData\Boss.fbx" />
  </ItemGroup>
  <ItemGroup>
    <ImageContentTask Include="Assets\sprite\discode_icon.png" />
    <ImageContentTask Include="Assets\sprite\EnemyHP.png" />
    <ImageContentTask Include="Assets\sprite\HP_Top_Blue.png" />
    <ImageContentTask Include="Assets\sprite\HP_Top_Green.png" />
    <ImageContentTask Include="Assets\sprite\HP_Top_Orenge.png" />
    <ImageContentTask Include="Assets\sprite\HP_Top_Purple.png" />
    <ImageContentTask Include="Assets\sprite\HP_Top_Red.png" />
    <ImageContentTask Include="Assets\sprite\HP_Top_White.png" />
    <ImageContentTask Include="Assets\sprite\HP_Top_Yellor.png" />
    <ImageContentTask Include="Assets\sprite\HP_Under_Brack.png" />
    <ImageContentTask Include="Assets\sprite\HP_Under_Gray.png" />
    <ImageContentTask Include="Assets\sprite\HP_Under_LightGray.png" />
    <ImageContentTask Include="Assets\sprite\reticle.png" />
    <ImageContentTask Include="Assets\sprite\terget.png" />
    <ImageContentTask Include="Assets\sprite\title.png" />
    <ImageContentTask Include="Assets\sprite\Loading.png" />
    <ImageContentTask Include="Assets\sprite\Brack.png" />
  </ItemGroup>
</Project>