<?xml version="1.0" encoding="utf-8"?>
<Project ToolsVersion="4.0" xmlns="http://schemas.microsoft.com/developer/msbuild/2003">
  <ItemGroup>
    <Filter Include="Assets">
      <UniqueIdentifier>{aa2dff80-cc46-4aaa-9c9e-7784c2a0cdf0}</UniqueIdentifier>
    </Filter>
    <Filter Include="Assets\modelData">
      <UniqueIdentifier>{a27dfd5d-af93-4623-b084-aad00b7739c4}</UniqueIdentifier>
    </Filter>
    <Filter Include="character">
      <UniqueIdentifier>{c57b7107-f9f3-4b72-8f3e-8644593ed533}</UniqueIdentifier>
    </Filter>
    <Filter Include="graphics">
      <UniqueIdentifier>{b7a9a0ab-a792-43fe-a5a7-760b8c976aca}</UniqueIdentifier>
    </Filter>
    <Filter Include="graphics\animation">
      <UniqueIdentifier>{d83ac002-5cd8-4ff4-977a-e7b5ebce5263}</UniqueIdentifier>
    </Filter>
    <Filter Include="level">
      <UniqueIdentifier>{73eacaf4-a5db-4539-ab55-83b9c5d4807c}</UniqueIdentifier>
    </Filter>
    <Filter Include="HID">
      <UniqueIdentifier>{bbdeed04-d9d3-4ff9-bb44-9d888be6899a}</UniqueIdentifier>
    </Filter>
    <Filter Include="math">
      <UniqueIdentifier>{39e7f303-3dac-4bde-bedf-33a5497f262e}</UniqueIdentifier>
    </Filter>
    <Filter Include="physics">
      <UniqueIdentifier>{1eed4cab-11aa-4e90-960a-a01360c5a392}</UniqueIdentifier>
    </Filter>
    <Filter Include="system">
      <UniqueIdentifier>{48b58c60-bbe2-40d8-9d2f-e81d065b6820}</UniqueIdentifier>
    </Filter>
    <Filter Include="Player">
      <UniqueIdentifier>{5fcc62fa-f19f-4bb9-ad30-cf717aeddd0a}</UniqueIdentifier>
    </Filter>
  </ItemGroup>
  <ItemGroup>
    <ClCompile Include="main.cpp" />
    <ClCompile Include="Player2.cpp" />
    <ClCompile Include="Stage.cpp" />
    <ClCompile Include="pch.cpp" />
    <ClCompile Include="Game.cpp" />
    <ClCompile Include="GameCamera.cpp" />
    <ClCompile Include="Enemy.cpp" />
    <ClCompile Include="Player\Player.cpp">
      <Filter>Player</Filter>
    </ClCompile>
    <ClCompile Include="Player\State\IPlayerState.cpp" />
    <ClCompile Include="Player\State\PlayerStateIdle.cpp" />
  </ItemGroup>
  <ItemGroup>
    <ClInclude Include="Player2.h" />
    <ClInclude Include="Stage.h" />
    <ClInclude Include="pch.h" />
    <ClInclude Include="Game.h" />
    <ClInclude Include="GameCamera.h" />
    <ClInclude Include="Enemy.h" />
    <ClInclude Include="Player\Player.h">
      <Filter>Player</Filter>
    </ClInclude>
    <ClInclude Include="Player\State\IPlayerState.h" />
    <ClInclude Include="Player\State\PlayerStateIdle.h" />
  </ItemGroup>
  <ItemGroup>
    <MeshContentTask Include="Assets\modelData\unityChan.fbx">
      <Filter>Assets\modelData</Filter>
    </MeshContentTask>
    <MeshContentTask Include="Assets\modelData\Floor.FBX" />
    <MeshContentTask Include="Assets\modelData\Player.FBX" />
    <MeshContentTask Include="Assets\modelData\Enemy.FBX" />
    <MeshContentTask Include="C:\Users\佐藤　賀郁\Desktop\就職作品\GameTemplate\Game\Assets\modelData\EnemyDown.FBX" />
    <MeshContentTask Include="Assets\modelData\PlayerArmor.fbx" />
    <MeshContentTask Include="Assets\modelData\yuka.FBX" />
  </ItemGroup>
  <ItemGroup>
    <ImageContentTask Include="Assets\sprite\discode_icon.png" />
    <ImageContentTask Include="Assets\sprite\EnemyHP.png" />
    <ImageContentTask Include="Assets\sprite\HP_Top_Blue.png" />
    <ImageContentTask Include="Assets\sprite\HP_Top_Green.png" />
    <ImageContentTask Include="Assets\sprite\HP_Top_Orenge.png" />
    <ImageContentTask Include="Assets\sprite\HP_Top_Purple.png" />
    <ImageContentTask Include="Assets\sprite\HP_Top_Red.png" />
    <ImageContentTask Include="Assets\sprite\HP_Top_White.png" />
    <ImageContentTask Include="Assets\sprite\HP_Top_Yellor.png" />
    <ImageContentTask Include="Assets\sprite\HP_Under_Brack.png" />
    <ImageContentTask Include="Assets\sprite\HP_Under_Gray.png" />
    <ImageContentTask Include="Assets\sprite\HP_Under_LightGray.png" />
  </ItemGroup>
</Project>