
Microsoft Visual Studio Solution File, Format Version 12.00
# Visual Studio 15
VisualStudioVersion = 15.0.28307.1145
MinimumVisualStudioVersion = 10.0.40219.1
Project("{8BC9CEB8-8B4A-11D0-8D11-00A0C91BC942}") = "Game", "Game\Game.vcxproj", "{9CB90C92-58AF-482A-B34C-AC02496110F6}"
	ProjectSection(ProjectDependencies) = postProject
		{0D35853E-017B-46F6-879C-238BBD6EB37C} = {0D35853E-017B-46F6-879C-238BBD6EB37C}
		{91E36741-5DFC-46E3-A7F3-28A67FD637C8} = {91E36741-5DFC-46E3-A7F3-28A67FD637C8}
		{D498FF91-F47E-4A2C-BC92-4DF199E34F60} = {D498FF91-F47E-4A2C-BC92-4DF199E34F60}
		{E2FCB0B3-69AB-4E9F-9950-CB867305B752} = {E2FCB0B3-69AB-4E9F-9950-CB867305B752}
		{8B23B8BF-24CC-4C00-A810-D877452B6BA6} = {8B23B8BF-24CC-4C00-A810-D877452B6BA6}
		{4E7A02CF-51F7-414B-9874-A34116D2B43C} = {4E7A02CF-51F7-414B-9874-A34116D2B43C}
	EndProjectSection
EndProject
Project("{2150E333-8FDC-42A3-9474-1A3956D46DE8}") = "Solution Items", "Solution Items", "{92EAFF70-B5DB-470A-B336-5B00057E4DF3}"
	ProjectSection(SolutionItems) = preProject
		myEngine\ksEngine\bulletPhysics\src\BulletCollision\BulletCollision.vcxproj = myEngine\ksEngine\bulletPhysics\src\BulletCollision\BulletCollision.vcxproj
	EndProjectSection
EndProject
Project("{8BC9CEB8-8B4A-11D0-8D11-00A0C91BC942}") = "LinearMath", "myEngine\ksEngine\bulletPhysics\src\LinearMath\LinearMath.vcxproj", "{D498FF91-F47E-4A2C-BC92-4DF199E34F60}"
EndProject
Project("{8BC9CEB8-8B4A-11D0-8D11-00A0C91BC942}") = "DirectXTK_Desktop_2015_Win10", "myEngine\ksEngine\DirectXTK\DirectXTK_Desktop_2015_Win10.vcxproj", "{8B23B8BF-24CC-4C00-A810-D877452B6BA6}"
EndProject
Project("{8BC9CEB8-8B4A-11D0-8D11-00A0C91BC942}") = "BulletDynamics", "myEngine\ksEngine\bulletPhysics\src\BulletDynamics\BulletDynamics.vcxproj", "{0D35853E-017B-46F6-879C-238BBD6EB37C}"
EndProject
Project("{8BC9CEB8-8B4A-11D0-8D11-00A0C91BC942}") = "ksEngine", "myEngine\ksEngine\ksEngine.vcxproj", "{E2FCB0B3-69AB-4E9F-9950-CB867305B752}"
	ProjectSection(ProjectDependencies) = postProject
		{0D35853E-017B-46F6-879C-238BBD6EB37C} = {0D35853E-017B-46F6-879C-238BBD6EB37C}
		{D498FF91-F47E-4A2C-BC92-4DF199E34F60} = {D498FF91-F47E-4A2C-BC92-4DF199E34F60}
		{8B23B8BF-24CC-4C00-A810-D877452B6BA6} = {8B23B8BF-24CC-4C00-A810-D877452B6BA6}
	EndProjectSection
EndProject
Project("{8BC9CEB8-8B4A-11D0-8D11-00A0C91BC942}") = "Effekseer", "myEngine\ksEngine\EffekseerRuntime130\src\Effekseer\Effekseer.vcxproj", "{91E36741-5DFC-46E3-A7F3-28A67FD637C8}"
EndProject
Project("{8BC9CEB8-8B4A-11D0-8D11-00A0C91BC942}") = "EffekseerRendererDX11", "myEngine\ksEngine\EffekseerRuntime130\src\EffekseerRendererDX11\EffekseerRendererDX11.vcxproj", "{4E7A02CF-51F7-414B-9874-A34116D2B43C}"
EndProject
Global
	GlobalSection(SolutionConfigurationPlatforms) = preSolution
		Debug|x64 = Debug|x64
		Debug|x86 = Debug|x86
		Release|x64 = Release|x64
		Release|x86 = Release|x86
	EndGlobalSection
	GlobalSection(ProjectConfigurationPlatforms) = postSolution
		{9CB90C92-58AF-482A-B34C-AC02496110F6}.Debug|x64.ActiveCfg = Debug|x64
		{9CB90C92-58AF-482A-B34C-AC02496110F6}.Debug|x64.Build.0 = Debug|x64
		{9CB90C92-58AF-482A-B34C-AC02496110F6}.Debug|x86.ActiveCfg = Debug|x64
		{9CB90C92-58AF-482A-B34C-AC02496110F6}.Release|x64.ActiveCfg = Release|x64
		{9CB90C92-58AF-482A-B34C-AC02496110F6}.Release|x64.Build.0 = Release|x64
		{9CB90C92-58AF-482A-B34C-AC02496110F6}.Release|x86.ActiveCfg = Release|x64
		{D498FF91-F47E-4A2C-BC92-4DF199E34F60}.Debug|x64.ActiveCfg = Debug|x64
		{D498FF91-F47E-4A2C-BC92-4DF199E34F60}.Debug|x64.Build.0 = Debug|x64
		{D498FF91-F47E-4A2C-BC92-4DF199E34F60}.Debug|x86.ActiveCfg = Debug|x64
		{D498FF91-F47E-4A2C-BC92-4DF199E34F60}.Release|x64.ActiveCfg = Release|x64
		{D498FF91-F47E-4A2C-BC92-4DF199E34F60}.Release|x64.Build.0 = Release|x64
		{D498FF91-F47E-4A2C-BC92-4DF199E34F60}.Release|x86.ActiveCfg = Release|x64
		{8B23B8BF-24CC-4C00-A810-D877452B6BA6}.Debug|x64.ActiveCfg = Debug|x64
		{8B23B8BF-24CC-4C00-A810-D877452B6BA6}.Debug|x64.Build.0 = Debug|x64
		{8B23B8BF-24CC-4C00-A810-D877452B6BA6}.Debug|x86.ActiveCfg = Debug|x64
		{8B23B8BF-24CC-4C00-A810-D877452B6BA6}.Release|x64.ActiveCfg = Release|x64
		{8B23B8BF-24CC-4C00-A810-D877452B6BA6}.Release|x64.Build.0 = Release|x64
		{8B23B8BF-24CC-4C00-A810-D877452B6BA6}.Release|x86.ActiveCfg = Release|x64
		{0D35853E-017B-46F6-879C-238BBD6EB37C}.Debug|x64.ActiveCfg = Debug|x64
		{0D35853E-017B-46F6-879C-238BBD6EB37C}.Debug|x64.Build.0 = Debug|x64
		{0D35853E-017B-46F6-879C-238BBD6EB37C}.Debug|x86.ActiveCfg = Debug|x64
		{0D35853E-017B-46F6-879C-238BBD6EB37C}.Release|x64.ActiveCfg = Release|x64
		{0D35853E-017B-46F6-879C-238BBD6EB37C}.Release|x64.Build.0 = Release|x64
		{0D35853E-017B-46F6-879C-238BBD6EB37C}.Release|x86.ActiveCfg = Release|x64
		{E2FCB0B3-69AB-4E9F-9950-CB867305B752}.Debug|x64.ActiveCfg = Debug|x64
		{E2FCB0B3-69AB-4E9F-9950-CB867305B752}.Debug|x64.Build.0 = Debug|x64
		{E2FCB0B3-69AB-4E9F-9950-CB867305B752}.Debug|x86.ActiveCfg = Debug|Win32
		{E2FCB0B3-69AB-4E9F-9950-CB867305B752}.Debug|x86.Build.0 = Debug|Win32
		{E2FCB0B3-69AB-4E9F-9950-CB867305B752}.Release|x64.ActiveCfg = Release|x64
		{E2FCB0B3-69AB-4E9F-9950-CB867305B752}.Release|x64.Build.0 = Release|x64
		{E2FCB0B3-69AB-4E9F-9950-CB867305B752}.Release|x86.ActiveCfg = Release|Win32
		{E2FCB0B3-69AB-4E9F-9950-CB867305B752}.Release|x86.Build.0 = Release|Win32
		{91E36741-5DFC-46E3-A7F3-28A67FD637C8}.Debug|x64.ActiveCfg = Debug|x64
		{91E36741-5DFC-46E3-A7F3-28A67FD637C8}.Debug|x64.Build.0 = Debug|x64
		{91E36741-5DFC-46E3-A7F3-28A67FD637C8}.Debug|x86.ActiveCfg = Debug|Win32
		{91E36741-5DFC-46E3-A7F3-28A67FD637C8}.Debug|x86.Build.0 = Debug|Win32
		{91E36741-5DFC-46E3-A7F3-28A67FD637C8}.Release|x64.ActiveCfg = Release|x64
		{91E36741-5DFC-46E3-A7F3-28A67FD637C8}.Release|x64.Build.0 = Release|x64
		{91E36741-5DFC-46E3-A7F3-28A67FD637C8}.Release|x86.ActiveCfg = Release|Win32
		{91E36741-5DFC-46E3-A7F3-28A67FD637C8}.Release|x86.Build.0 = Release|Win32
		{4E7A02CF-51F7-414B-9874-A34116D2B43C}.Debug|x64.ActiveCfg = Debug|x64
		{4E7A02CF-51F7-414B-9874-A34116D2B43C}.Debug|x64.Build.0 = Debug|x64
		{4E7A02CF-51F7-414B-9874-A34116D2B43C}.Debug|x86.ActiveCfg = Debug|Win32
		{4E7A02CF-51F7-414B-9874-A34116D2B43C}.Debug|x86.Build.0 = Debug|Win32
		{4E7A02CF-51F7-414B-9874-A34116D2B43C}.Release|x64.ActiveCfg = Release|x64
		{4E7A02CF-51F7-414B-9874-A34116D2B43C}.Release|x64.Build.0 = Release|x64
		{4E7A02CF-51F7-414B-9874-A34116D2B43C}.Release|x86.ActiveCfg = Release|Win32
		{4E7A02CF-51F7-414B-9874-A34116D2B43C}.Release|x86.Build.0 = Release|Win32
	EndGlobalSection
	GlobalSection(SolutionProperties) = preSolution
		HideSolutionNode = FALSE
	EndGlobalSection
	GlobalSection(NestedProjects) = preSolution
		{D498FF91-F47E-4A2C-BC92-4DF199E34F60} = {92EAFF70-B5DB-470A-B336-5B00057E4DF3}
		{8B23B8BF-24CC-4C00-A810-D877452B6BA6} = {92EAFF70-B5DB-470A-B336-5B00057E4DF3}
		{0D35853E-017B-46F6-879C-238BBD6EB37C} = {92EAFF70-B5DB-470A-B336-5B00057E4DF3}
		{E2FCB0B3-69AB-4E9F-9950-CB867305B752} = {92EAFF70-B5DB-470A-B336-5B00057E4DF3}
	EndGlobalSection
	GlobalSection(ExtensibilityGlobals) = postSolution
		SolutionGuid = {80FF4484-F888-4845-9463-10363F9A1F22}
	EndGlobalSection
EndGlobal
